
Microsoft Visual Studio Solution File, Format Version 12.00
# Visual Studio Version 16
VisualStudioVersion = 16.0.31702.278
MinimumVisualStudioVersion = 10.0.40219.1
Project("{FAE04EC0-301F-11D3-BF4B-00C04F79EFBC}") = "Juego 2D", "Juego 2D.csproj", "{2E03E1A4-CD33-41B8-A7B9-99CEC9CCF09C}"
EndProject
Global
	GlobalSection(SolutionConfigurationPlatforms) = preSolution
		Debug|Any CPU = Debug|Any CPU
		Release|Any CPU = Release|Any CPU
	EndGlobalSection
	GlobalSection(ProjectConfigurationPlatforms) = postSolution
		{2E03E1A4-CD33-41B8-A7B9-99CEC9CCF09C}.Debug|Any CPU.ActiveCfg = Debug|Any CPU
		{2E03E1A4-CD33-41B8-A7B9-99CEC9CCF09C}.Debug|Any CPU.Build.0 = Debug|Any CPU
		{2E03E1A4-CD33-41B8-A7B9-99CEC9CCF09C}.Release|Any CPU.ActiveCfg = Release|Any CPU
		{2E03E1A4-CD33-41B8-A7B9-99CEC9CCF09C}.Release|Any CPU.Build.0 = Release|Any CPU
	EndGlobalSection
	GlobalSection(SolutionProperties) = preSolution
		HideSolutionNode = FALSE
	EndGlobalSection
	GlobalSection(ExtensibilityGlobals) = postSolution
		SolutionGuid = {E68A1F02-D309-47A4-B742-B1EC9FA2AD9D}
	EndGlobalSection
EndGlobal
